
Microsoft Visual Studio Solution File, Format Version 12.00
# Visual Studio 15
VisualStudioVersion = 15.0.27004.2005
MinimumVisualStudioVersion = 10.0.40219.1
Project("{2150E333-8FDC-42A3-9474-1A3956D46DE8}") = "Applications", "Applications", "{611A2653-6A14-4B22-88B7-BDE676123E4E}"
EndProject
Project("{2150E333-8FDC-42A3-9474-1A3956D46DE8}") = "Commons", "Commons", "{594F1899-2A86-40D4-B712-74CF898FF8EF}"
EndProject
Project("{2150E333-8FDC-42A3-9474-1A3956D46DE8}") = "Modules", "Modules", "{9582CD15-4B8D-4505-9DD6-52818BFFB857}"
EndProject
Project("{FAE04EC0-301F-11D3-BF4B-00C04F79EFBC}") = "Example.Applications.App", "Example.Applications.App\Example.Applications.App.csproj", "{13429797-06EA-4809-8162-333A4CAC9528}"
EndProject
Project("{FAE04EC0-301F-11D3-BF4B-00C04F79EFBC}") = "Example.Applications.Windows", "Example.Applications.Windows\Example.Applications.Windows.csproj", "{044248AF-2075-4C0D-B453-BA444942D4B3}"
EndProject
Project("{FAE04EC0-301F-11D3-BF4B-00C04F79EFBC}") = "Example.Applications.Android", "Example.Applications.Android\Example.Applications.Android.csproj", "{8C6D0492-DE55-4FD6-9D4B-DE9D34F6FA17}"
EndProject
Project("{FAE04EC0-301F-11D3-BF4B-00C04F79EFBC}") = "Example.Applications.iOS", "Example.Applications.iOS\Example.Applications.iOS.csproj", "{79526BE9-F66B-4D23-AE08-A75D3AA3775A}"
EndProject
Project("{FAE04EC0-301F-11D3-BF4B-00C04F79EFBC}") = "Example.Commons.Infrastructure", "Example.Commons.Infrastructure\Example.Commons.Infrastructure.csproj", "{525AC9D8-1F89-4BDF-9B4D-EA366028A351}"
EndProject
Project("{FAE04EC0-301F-11D3-BF4B-00C04F79EFBC}") = "Example.Modules.Sample", "Example.Modules.Sample\Example.Modules.Sample.csproj", "{06AFAD35-D793-47BF-BCE9-922B56D6351A}"
EndProject
Global
	GlobalSection(SolutionConfigurationPlatforms) = preSolution
		Ad-Hoc|Any CPU = Ad-Hoc|Any CPU
		Ad-Hoc|ARM = Ad-Hoc|ARM
		Ad-Hoc|iPhone = Ad-Hoc|iPhone
		Ad-Hoc|iPhoneSimulator = Ad-Hoc|iPhoneSimulator
		Ad-Hoc|x64 = Ad-Hoc|x64
		Ad-Hoc|x86 = Ad-Hoc|x86
		AppStore|Any CPU = AppStore|Any CPU
		AppStore|ARM = AppStore|ARM
		AppStore|iPhone = AppStore|iPhone
		AppStore|iPhoneSimulator = AppStore|iPhoneSimulator
		AppStore|x64 = AppStore|x64
		AppStore|x86 = AppStore|x86
		Debug|Any CPU = Debug|Any CPU
		Debug|ARM = Debug|ARM
		Debug|iPhone = Debug|iPhone
		Debug|iPhoneSimulator = Debug|iPhoneSimulator
		Debug|x64 = Debug|x64
		Debug|x86 = Debug|x86
		Release|Any CPU = Release|Any CPU
		Release|ARM = Release|ARM
		Release|iPhone = Release|iPhone
		Release|iPhoneSimulator = Release|iPhoneSimulator
		Release|x64 = Release|x64
		Release|x86 = Release|x86
	EndGlobalSection
	GlobalSection(ProjectConfigurationPlatforms) = postSolution
		{13429797-06EA-4809-8162-333A4CAC9528}.Ad-Hoc|Any CPU.ActiveCfg = Debug|Any CPU
		{13429797-06EA-4809-8162-333A4CAC9528}.Ad-Hoc|Any CPU.Build.0 = Debug|Any CPU
		{13429797-06EA-4809-8162-333A4CAC9528}.Ad-Hoc|ARM.ActiveCfg = Debug|Any CPU
		{13429797-06EA-4809-8162-333A4CAC9528}.Ad-Hoc|ARM.Build.0 = Debug|Any CPU
		{13429797-06EA-4809-8162-333A4CAC9528}.Ad-Hoc|iPhone.ActiveCfg = Debug|Any CPU
		{13429797-06EA-4809-8162-333A4CAC9528}.Ad-Hoc|iPhone.Build.0 = Debug|Any CPU
		{13429797-06EA-4809-8162-333A4CAC9528}.Ad-Hoc|iPhoneSimulator.ActiveCfg = Debug|Any CPU
		{13429797-06EA-4809-8162-333A4CAC9528}.Ad-Hoc|iPhoneSimulator.Build.0 = Debug|Any CPU
		{13429797-06EA-4809-8162-333A4CAC9528}.Ad-Hoc|x64.ActiveCfg = Debug|Any CPU
		{13429797-06EA-4809-8162-333A4CAC9528}.Ad-Hoc|x64.Build.0 = Debug|Any CPU
		{13429797-06EA-4809-8162-333A4CAC9528}.Ad-Hoc|x86.ActiveCfg = Debug|Any CPU
		{13429797-06EA-4809-8162-333A4CAC9528}.Ad-Hoc|x86.Build.0 = Debug|Any CPU
		{13429797-06EA-4809-8162-333A4CAC9528}.AppStore|Any CPU.ActiveCfg = Debug|Any CPU
		{13429797-06EA-4809-8162-333A4CAC9528}.AppStore|Any CPU.Build.0 = Debug|Any CPU
		{13429797-06EA-4809-8162-333A4CAC9528}.AppStore|ARM.ActiveCfg = Debug|Any CPU
		{13429797-06EA-4809-8162-333A4CAC9528}.AppStore|ARM.Build.0 = Debug|Any CPU
		{13429797-06EA-4809-8162-333A4CAC9528}.AppStore|iPhone.ActiveCfg = Debug|Any CPU
		{13429797-06EA-4809-8162-333A4CAC9528}.AppStore|iPhone.Build.0 = Debug|Any CPU
		{13429797-06EA-4809-8162-333A4CAC9528}.AppStore|iPhoneSimulator.ActiveCfg = Debug|Any CPU
		{13429797-06EA-4809-8162-333A4CAC9528}.AppStore|iPhoneSimulator.Build.0 = Debug|Any CPU
		{13429797-06EA-4809-8162-333A4CAC9528}.AppStore|x64.ActiveCfg = Debug|Any CPU
		{13429797-06EA-4809-8162-333A4CAC9528}.AppStore|x64.Build.0 = Debug|Any CPU
		{13429797-06EA-4809-8162-333A4CAC9528}.AppStore|x86.ActiveCfg = Debug|Any CPU
		{13429797-06EA-4809-8162-333A4CAC9528}.AppStore|x86.Build.0 = Debug|Any CPU
		{13429797-06EA-4809-8162-333A4CAC9528}.Debug|Any CPU.ActiveCfg = Debug|Any CPU
		{13429797-06EA-4809-8162-333A4CAC9528}.Debug|Any CPU.Build.0 = Debug|Any CPU
		{13429797-06EA-4809-8162-333A4CAC9528}.Debug|ARM.ActiveCfg = Debug|Any CPU
		{13429797-06EA-4809-8162-333A4CAC9528}.Debug|ARM.Build.0 = Debug|Any CPU
		{13429797-06EA-4809-8162-333A4CAC9528}.Debug|iPhone.ActiveCfg = Debug|Any CPU
		{13429797-06EA-4809-8162-333A4CAC9528}.Debug|iPhone.Build.0 = Debug|Any CPU
		{13429797-06EA-4809-8162-333A4CAC9528}.Debug|iPhoneSimulator.ActiveCfg = Debug|Any CPU
		{13429797-06EA-4809-8162-333A4CAC9528}.Debug|iPhoneSimulator.Build.0 = Debug|Any CPU
		{13429797-06EA-4809-8162-333A4CAC9528}.Debug|x64.ActiveCfg = Debug|Any CPU
		{13429797-06EA-4809-8162-333A4CAC9528}.Debug|x64.Build.0 = Debug|Any CPU
		{13429797-06EA-4809-8162-333A4CAC9528}.Debug|x86.ActiveCfg = Debug|Any CPU
		{13429797-06EA-4809-8162-333A4CAC9528}.Debug|x86.Build.0 = Debug|Any CPU
		{13429797-06EA-4809-8162-333A4CAC9528}.Release|Any CPU.ActiveCfg = Release|Any CPU
		{13429797-06EA-4809-8162-333A4CAC9528}.Release|Any CPU.Build.0 = Release|Any CPU
		{13429797-06EA-4809-8162-333A4CAC9528}.Release|ARM.ActiveCfg = Release|Any CPU
		{13429797-06EA-4809-8162-333A4CAC9528}.Release|ARM.Build.0 = Release|Any CPU
		{13429797-06EA-4809-8162-333A4CAC9528}.Release|iPhone.ActiveCfg = Release|Any CPU
		{13429797-06EA-4809-8162-333A4CAC9528}.Release|iPhone.Build.0 = Release|Any CPU
		{13429797-06EA-4809-8162-333A4CAC9528}.Release|iPhoneSimulator.ActiveCfg = Release|Any CPU
		{13429797-06EA-4809-8162-333A4CAC9528}.Release|iPhoneSimulator.Build.0 = Release|Any CPU
		{13429797-06EA-4809-8162-333A4CAC9528}.Release|x64.ActiveCfg = Release|Any CPU
		{13429797-06EA-4809-8162-333A4CAC9528}.Release|x64.Build.0 = Release|Any CPU
		{13429797-06EA-4809-8162-333A4CAC9528}.Release|x86.ActiveCfg = Release|Any CPU
		{13429797-06EA-4809-8162-333A4CAC9528}.Release|x86.Build.0 = Release|Any CPU
		{044248AF-2075-4C0D-B453-BA444942D4B3}.Ad-Hoc|Any CPU.ActiveCfg = Release|x64
		{044248AF-2075-4C0D-B453-BA444942D4B3}.Ad-Hoc|Any CPU.Build.0 = Release|x64
		{044248AF-2075-4C0D-B453-BA444942D4B3}.Ad-Hoc|Any CPU.Deploy.0 = Release|x64
		{044248AF-2075-4C0D-B453-BA444942D4B3}.Ad-Hoc|ARM.ActiveCfg = Release|ARM
		{044248AF-2075-4C0D-B453-BA444942D4B3}.Ad-Hoc|ARM.Build.0 = Release|ARM
		{044248AF-2075-4C0D-B453-BA444942D4B3}.Ad-Hoc|ARM.Deploy.0 = Release|ARM
		{044248AF-2075-4C0D-B453-BA444942D4B3}.Ad-Hoc|iPhone.ActiveCfg = Release|x64
		{044248AF-2075-4C0D-B453-BA444942D4B3}.Ad-Hoc|iPhone.Build.0 = Release|x64
		{044248AF-2075-4C0D-B453-BA444942D4B3}.Ad-Hoc|iPhone.Deploy.0 = Release|x64
		{044248AF-2075-4C0D-B453-BA444942D4B3}.Ad-Hoc|iPhoneSimulator.ActiveCfg = Release|x64
		{044248AF-2075-4C0D-B453-BA444942D4B3}.Ad-Hoc|iPhoneSimulator.Build.0 = Release|x64
		{044248AF-2075-4C0D-B453-BA444942D4B3}.Ad-Hoc|iPhoneSimulator.Deploy.0 = Release|x64
		{044248AF-2075-4C0D-B453-BA444942D4B3}.Ad-Hoc|x64.ActiveCfg = Release|x64
		{044248AF-2075-4C0D-B453-BA444942D4B3}.Ad-Hoc|x64.Build.0 = Release|x64
		{044248AF-2075-4C0D-B453-BA444942D4B3}.Ad-Hoc|x64.Deploy.0 = Release|x64
		{044248AF-2075-4C0D-B453-BA444942D4B3}.Ad-Hoc|x86.ActiveCfg = Release|x86
		{044248AF-2075-4C0D-B453-BA444942D4B3}.Ad-Hoc|x86.Build.0 = Release|x86
		{044248AF-2075-4C0D-B453-BA444942D4B3}.Ad-Hoc|x86.Deploy.0 = Release|x86
		{044248AF-2075-4C0D-B453-BA444942D4B3}.AppStore|Any CPU.ActiveCfg = Release|x64
		{044248AF-2075-4C0D-B453-BA444942D4B3}.AppStore|Any CPU.Build.0 = Release|x64
		{044248AF-2075-4C0D-B453-BA444942D4B3}.AppStore|Any CPU.Deploy.0 = Release|x64
		{044248AF-2075-4C0D-B453-BA444942D4B3}.AppStore|ARM.ActiveCfg = Release|ARM
		{044248AF-2075-4C0D-B453-BA444942D4B3}.AppStore|ARM.Build.0 = Release|ARM
		{044248AF-2075-4C0D-B453-BA444942D4B3}.AppStore|ARM.Deploy.0 = Release|ARM
		{044248AF-2075-4C0D-B453-BA444942D4B3}.AppStore|iPhone.ActiveCfg = Release|x64
		{044248AF-2075-4C0D-B453-BA444942D4B3}.AppStore|iPhone.Build.0 = Release|x64
		{044248AF-2075-4C0D-B453-BA444942D4B3}.AppStore|iPhone.Deploy.0 = Release|x64
		{044248AF-2075-4C0D-B453-BA444942D4B3}.AppStore|iPhoneSimulator.ActiveCfg = Release|x64
		{044248AF-2075-4C0D-B453-BA444942D4B3}.AppStore|iPhoneSimulator.Build.0 = Release|x64
		{044248AF-2075-4C0D-B453-BA444942D4B3}.AppStore|iPhoneSimulator.Deploy.0 = Release|x64
		{044248AF-2075-4C0D-B453-BA444942D4B3}.AppStore|x64.ActiveCfg = Release|x64
		{044248AF-2075-4C0D-B453-BA444942D4B3}.AppStore|x64.Build.0 = Release|x64
		{044248AF-2075-4C0D-B453-BA444942D4B3}.AppStore|x64.Deploy.0 = Release|x64
		{044248AF-2075-4C0D-B453-BA444942D4B3}.AppStore|x86.ActiveCfg = Release|x86
		{044248AF-2075-4C0D-B453-BA444942D4B3}.AppStore|x86.Build.0 = Release|x86
		{044248AF-2075-4C0D-B453-BA444942D4B3}.AppStore|x86.Deploy.0 = Release|x86
		{044248AF-2075-4C0D-B453-BA444942D4B3}.Debug|Any CPU.ActiveCfg = Debug|x86
		{044248AF-2075-4C0D-B453-BA444942D4B3}.Debug|ARM.ActiveCfg = Debug|ARM
		{044248AF-2075-4C0D-B453-BA444942D4B3}.Debug|ARM.Build.0 = Debug|ARM
		{044248AF-2075-4C0D-B453-BA444942D4B3}.Debug|ARM.Deploy.0 = Debug|ARM
		{044248AF-2075-4C0D-B453-BA444942D4B3}.Debug|iPhone.ActiveCfg = Debug|x86
		{044248AF-2075-4C0D-B453-BA444942D4B3}.Debug|iPhoneSimulator.ActiveCfg = Debug|x86
		{044248AF-2075-4C0D-B453-BA444942D4B3}.Debug|x64.ActiveCfg = Debug|x64
		{044248AF-2075-4C0D-B453-BA444942D4B3}.Debug|x64.Build.0 = Debug|x64
		{044248AF-2075-4C0D-B453-BA444942D4B3}.Debug|x64.Deploy.0 = Debug|x64
		{044248AF-2075-4C0D-B453-BA444942D4B3}.Debug|x86.ActiveCfg = Debug|x86
		{044248AF-2075-4C0D-B453-BA444942D4B3}.Debug|x86.Build.0 = Debug|x86
		{044248AF-2075-4C0D-B453-BA444942D4B3}.Debug|x86.Deploy.0 = Debug|x86
		{044248AF-2075-4C0D-B453-BA444942D4B3}.Release|Any CPU.ActiveCfg = Release|x86
		{044248AF-2075-4C0D-B453-BA444942D4B3}.Release|ARM.ActiveCfg = Release|ARM
		{044248AF-2075-4C0D-B453-BA444942D4B3}.Release|ARM.Build.0 = Release|ARM
		{044248AF-2075-4C0D-B453-BA444942D4B3}.Release|ARM.Deploy.0 = Release|ARM
		{044248AF-2075-4C0D-B453-BA444942D4B3}.Release|iPhone.ActiveCfg = Release|x86
		{044248AF-2075-4C0D-B453-BA444942D4B3}.Release|iPhoneSimulator.ActiveCfg = Release|x86
		{044248AF-2075-4C0D-B453-BA444942D4B3}.Release|x64.ActiveCfg = Release|x64
		{044248AF-2075-4C0D-B453-BA444942D4B3}.Release|x64.Build.0 = Release|x64
		{044248AF-2075-4C0D-B453-BA444942D4B3}.Release|x64.Deploy.0 = Release|x64
		{044248AF-2075-4C0D-B453-BA444942D4B3}.Release|x86.ActiveCfg = Release|x86
		{044248AF-2075-4C0D-B453-BA444942D4B3}.Release|x86.Build.0 = Release|x86
		{044248AF-2075-4C0D-B453-BA444942D4B3}.Release|x86.Deploy.0 = Release|x86
		{8C6D0492-DE55-4FD6-9D4B-DE9D34F6FA17}.Ad-Hoc|Any CPU.ActiveCfg = Release|Any CPU
		{8C6D0492-DE55-4FD6-9D4B-DE9D34F6FA17}.Ad-Hoc|Any CPU.Build.0 = Release|Any CPU
		{8C6D0492-DE55-4FD6-9D4B-DE9D34F6FA17}.Ad-Hoc|Any CPU.Deploy.0 = Release|Any CPU
		{8C6D0492-DE55-4FD6-9D4B-DE9D34F6FA17}.Ad-Hoc|ARM.ActiveCfg = Release|Any CPU
		{8C6D0492-DE55-4FD6-9D4B-DE9D34F6FA17}.Ad-Hoc|ARM.Build.0 = Release|Any CPU
		{8C6D0492-DE55-4FD6-9D4B-DE9D34F6FA17}.Ad-Hoc|ARM.Deploy.0 = Release|Any CPU
		{8C6D0492-DE55-4FD6-9D4B-DE9D34F6FA17}.Ad-Hoc|iPhone.ActiveCfg = Release|Any CPU
		{8C6D0492-DE55-4FD6-9D4B-DE9D34F6FA17}.Ad-Hoc|iPhone.Build.0 = Release|Any CPU
		{8C6D0492-DE55-4FD6-9D4B-DE9D34F6FA17}.Ad-Hoc|iPhone.Deploy.0 = Release|Any CPU
		{8C6D0492-DE55-4FD6-9D4B-DE9D34F6FA17}.Ad-Hoc|iPhoneSimulator.ActiveCfg = Release|Any CPU
		{8C6D0492-DE55-4FD6-9D4B-DE9D34F6FA17}.Ad-Hoc|iPhoneSimulator.Build.0 = Release|Any CPU
		{8C6D0492-DE55-4FD6-9D4B-DE9D34F6FA17}.Ad-Hoc|iPhoneSimulator.Deploy.0 = Release|Any CPU
		{8C6D0492-DE55-4FD6-9D4B-DE9D34F6FA17}.Ad-Hoc|x64.ActiveCfg = Release|Any CPU
		{8C6D0492-DE55-4FD6-9D4B-DE9D34F6FA17}.Ad-Hoc|x64.Build.0 = Release|Any CPU
		{8C6D0492-DE55-4FD6-9D4B-DE9D34F6FA17}.Ad-Hoc|x64.Deploy.0 = Release|Any CPU
		{8C6D0492-DE55-4FD6-9D4B-DE9D34F6FA17}.Ad-Hoc|x86.ActiveCfg = Release|Any CPU
		{8C6D0492-DE55-4FD6-9D4B-DE9D34F6FA17}.Ad-Hoc|x86.Build.0 = Release|Any CPU
		{8C6D0492-DE55-4FD6-9D4B-DE9D34F6FA17}.Ad-Hoc|x86.Deploy.0 = Release|Any CPU
		{8C6D0492-DE55-4FD6-9D4B-DE9D34F6FA17}.AppStore|Any CPU.ActiveCfg = Release|Any CPU
		{8C6D0492-DE55-4FD6-9D4B-DE9D34F6FA17}.AppStore|Any CPU.Build.0 = Release|Any CPU
		{8C6D0492-DE55-4FD6-9D4B-DE9D34F6FA17}.AppStore|Any CPU.Deploy.0 = Release|Any CPU
		{8C6D0492-DE55-4FD6-9D4B-DE9D34F6FA17}.AppStore|ARM.ActiveCfg = Release|Any CPU
		{8C6D0492-DE55-4FD6-9D4B-DE9D34F6FA17}.AppStore|ARM.Build.0 = Release|Any CPU
		{8C6D0492-DE55-4FD6-9D4B-DE9D34F6FA17}.AppStore|ARM.Deploy.0 = Release|Any CPU
		{8C6D0492-DE55-4FD6-9D4B-DE9D34F6FA17}.AppStore|iPhone.ActiveCfg = Release|Any CPU
		{8C6D0492-DE55-4FD6-9D4B-DE9D34F6FA17}.AppStore|iPhone.Build.0 = Release|Any CPU
		{8C6D0492-DE55-4FD6-9D4B-DE9D34F6FA17}.AppStore|iPhone.Deploy.0 = Release|Any CPU
		{8C6D0492-DE55-4FD6-9D4B-DE9D34F6FA17}.AppStore|iPhoneSimulator.ActiveCfg = Release|Any CPU
		{8C6D0492-DE55-4FD6-9D4B-DE9D34F6FA17}.AppStore|iPhoneSimulator.Build.0 = Release|Any CPU
		{8C6D0492-DE55-4FD6-9D4B-DE9D34F6FA17}.AppStore|iPhoneSimulator.Deploy.0 = Release|Any CPU
		{8C6D0492-DE55-4FD6-9D4B-DE9D34F6FA17}.AppStore|x64.ActiveCfg = Release|Any CPU
		{8C6D0492-DE55-4FD6-9D4B-DE9D34F6FA17}.AppStore|x64.Build.0 = Release|Any CPU
		{8C6D0492-DE55-4FD6-9D4B-DE9D34F6FA17}.AppStore|x64.Deploy.0 = Release|Any CPU
		{8C6D0492-DE55-4FD6-9D4B-DE9D34F6FA17}.AppStore|x86.ActiveCfg = Release|Any CPU
		{8C6D0492-DE55-4FD6-9D4B-DE9D34F6FA17}.AppStore|x86.Build.0 = Release|Any CPU
		{8C6D0492-DE55-4FD6-9D4B-DE9D34F6FA17}.AppStore|x86.Deploy.0 = Release|Any CPU
		{8C6D0492-DE55-4FD6-9D4B-DE9D34F6FA17}.Debug|Any CPU.ActiveCfg = Debug|Any CPU
		{8C6D0492-DE55-4FD6-9D4B-DE9D34F6FA17}.Debug|Any CPU.Build.0 = Debug|Any CPU
		{8C6D0492-DE55-4FD6-9D4B-DE9D34F6FA17}.Debug|Any CPU.Deploy.0 = Debug|Any CPU
		{8C6D0492-DE55-4FD6-9D4B-DE9D34F6FA17}.Debug|ARM.ActiveCfg = Debug|Any CPU
		{8C6D0492-DE55-4FD6-9D4B-DE9D34F6FA17}.Debug|ARM.Build.0 = Debug|Any CPU
		{8C6D0492-DE55-4FD6-9D4B-DE9D34F6FA17}.Debug|ARM.Deploy.0 = Debug|Any CPU
		{8C6D0492-DE55-4FD6-9D4B-DE9D34F6FA17}.Debug|iPhone.ActiveCfg = Debug|Any CPU
		{8C6D0492-DE55-4FD6-9D4B-DE9D34F6FA17}.Debug|iPhone.Build.0 = Debug|Any CPU
		{8C6D0492-DE55-4FD6-9D4B-DE9D34F6FA17}.Debug|iPhone.Deploy.0 = Debug|Any CPU
		{8C6D0492-DE55-4FD6-9D4B-DE9D34F6FA17}.Debug|iPhoneSimulator.ActiveCfg = Debug|Any CPU
		{8C6D0492-DE55-4FD6-9D4B-DE9D34F6FA17}.Debug|iPhoneSimulator.Build.0 = Debug|Any CPU
		{8C6D0492-DE55-4FD6-9D4B-DE9D34F6FA17}.Debug|iPhoneSimulator.Deploy.0 = Debug|Any CPU
		{8C6D0492-DE55-4FD6-9D4B-DE9D34F6FA17}.Debug|x64.ActiveCfg = Debug|Any CPU
		{8C6D0492-DE55-4FD6-9D4B-DE9D34F6FA17}.Debug|x64.Build.0 = Debug|Any CPU
		{8C6D0492-DE55-4FD6-9D4B-DE9D34F6FA17}.Debug|x64.Deploy.0 = Debug|Any CPU
		{8C6D0492-DE55-4FD6-9D4B-DE9D34F6FA17}.Debug|x86.ActiveCfg = Debug|Any CPU
		{8C6D0492-DE55-4FD6-9D4B-DE9D34F6FA17}.Debug|x86.Build.0 = Debug|Any CPU
		{8C6D0492-DE55-4FD6-9D4B-DE9D34F6FA17}.Debug|x86.Deploy.0 = Debug|Any CPU
		{8C6D0492-DE55-4FD6-9D4B-DE9D34F6FA17}.Release|Any CPU.ActiveCfg = Release|Any CPU
		{8C6D0492-DE55-4FD6-9D4B-DE9D34F6FA17}.Release|Any CPU.Build.0 = Release|Any CPU
		{8C6D0492-DE55-4FD6-9D4B-DE9D34F6FA17}.Release|Any CPU.Deploy.0 = Release|Any CPU
		{8C6D0492-DE55-4FD6-9D4B-DE9D34F6FA17}.Release|ARM.ActiveCfg = Release|Any CPU
		{8C6D0492-DE55-4FD6-9D4B-DE9D34F6FA17}.Release|ARM.Build.0 = Release|Any CPU
		{8C6D0492-DE55-4FD6-9D4B-DE9D34F6FA17}.Release|ARM.Deploy.0 = Release|Any CPU
		{8C6D0492-DE55-4FD6-9D4B-DE9D34F6FA17}.Release|iPhone.ActiveCfg = Release|Any CPU
		{8C6D0492-DE55-4FD6-9D4B-DE9D34F6FA17}.Release|iPhone.Build.0 = Release|Any CPU
		{8C6D0492-DE55-4FD6-9D4B-DE9D34F6FA17}.Release|iPhone.Deploy.0 = Release|Any CPU
		{8C6D0492-DE55-4FD6-9D4B-DE9D34F6FA17}.Release|iPhoneSimulator.ActiveCfg = Release|Any CPU
		{8C6D0492-DE55-4FD6-9D4B-DE9D34F6FA17}.Release|iPhoneSimulator.Build.0 = Release|Any CPU
		{8C6D0492-DE55-4FD6-9D4B-DE9D34F6FA17}.Release|iPhoneSimulator.Deploy.0 = Release|Any CPU
		{8C6D0492-DE55-4FD6-9D4B-DE9D34F6FA17}.Release|x64.ActiveCfg = Release|Any CPU
		{8C6D0492-DE55-4FD6-9D4B-DE9D34F6FA17}.Release|x64.Build.0 = Release|Any CPU
		{8C6D0492-DE55-4FD6-9D4B-DE9D34F6FA17}.Release|x64.Deploy.0 = Release|Any CPU
		{8C6D0492-DE55-4FD6-9D4B-DE9D34F6FA17}.Release|x86.ActiveCfg = Release|Any CPU
		{8C6D0492-DE55-4FD6-9D4B-DE9D34F6FA17}.Release|x86.Build.0 = Release|Any CPU
		{8C6D0492-DE55-4FD6-9D4B-DE9D34F6FA17}.Release|x86.Deploy.0 = Release|Any CPU
		{79526BE9-F66B-4D23-AE08-A75D3AA3775A}.Ad-Hoc|Any CPU.ActiveCfg = Ad-Hoc|iPhone
		{79526BE9-F66B-4D23-AE08-A75D3AA3775A}.Ad-Hoc|ARM.ActiveCfg = Ad-Hoc|iPhone
		{79526BE9-F66B-4D23-AE08-A75D3AA3775A}.Ad-Hoc|iPhone.ActiveCfg = Ad-Hoc|iPhone
		{79526BE9-F66B-4D23-AE08-A75D3AA3775A}.Ad-Hoc|iPhone.Build.0 = Ad-Hoc|iPhone
		{79526BE9-F66B-4D23-AE08-A75D3AA3775A}.Ad-Hoc|iPhoneSimulator.ActiveCfg = Ad-Hoc|iPhoneSimulator
		{79526BE9-F66B-4D23-AE08-A75D3AA3775A}.Ad-Hoc|iPhoneSimulator.Build.0 = Ad-Hoc|iPhoneSimulator
		{79526BE9-F66B-4D23-AE08-A75D3AA3775A}.Ad-Hoc|x64.ActiveCfg = Ad-Hoc|iPhone
		{79526BE9-F66B-4D23-AE08-A75D3AA3775A}.Ad-Hoc|x86.ActiveCfg = Ad-Hoc|iPhone
		{79526BE9-F66B-4D23-AE08-A75D3AA3775A}.AppStore|Any CPU.ActiveCfg = AppStore|iPhone
		{79526BE9-F66B-4D23-AE08-A75D3AA3775A}.AppStore|ARM.ActiveCfg = AppStore|iPhone
		{79526BE9-F66B-4D23-AE08-A75D3AA3775A}.AppStore|iPhone.ActiveCfg = AppStore|iPhone
		{79526BE9-F66B-4D23-AE08-A75D3AA3775A}.AppStore|iPhone.Build.0 = AppStore|iPhone
		{79526BE9-F66B-4D23-AE08-A75D3AA3775A}.AppStore|iPhoneSimulator.ActiveCfg = AppStore|iPhoneSimulator
		{79526BE9-F66B-4D23-AE08-A75D3AA3775A}.AppStore|iPhoneSimulator.Build.0 = AppStore|iPhoneSimulator
		{79526BE9-F66B-4D23-AE08-A75D3AA3775A}.AppStore|x64.ActiveCfg = AppStore|iPhone
		{79526BE9-F66B-4D23-AE08-A75D3AA3775A}.AppStore|x86.ActiveCfg = AppStore|iPhone
		{79526BE9-F66B-4D23-AE08-A75D3AA3775A}.Debug|Any CPU.ActiveCfg = Debug|iPhone
		{79526BE9-F66B-4D23-AE08-A75D3AA3775A}.Debug|ARM.ActiveCfg = Debug|iPhone
		{79526BE9-F66B-4D23-AE08-A75D3AA3775A}.Debug|iPhone.ActiveCfg = Debug|iPhone
		{79526BE9-F66B-4D23-AE08-A75D3AA3775A}.Debug|iPhone.Build.0 = Debug|iPhone
		{79526BE9-F66B-4D23-AE08-A75D3AA3775A}.Debug|iPhoneSimulator.ActiveCfg = Debug|iPhoneSimulator
		{79526BE9-F66B-4D23-AE08-A75D3AA3775A}.Debug|iPhoneSimulator.Build.0 = Debug|iPhoneSimulator
		{79526BE9-F66B-4D23-AE08-A75D3AA3775A}.Debug|x64.ActiveCfg = Debug|iPhone
		{79526BE9-F66B-4D23-AE08-A75D3AA3775A}.Debug|x86.ActiveCfg = Debug|iPhone
		{79526BE9-F66B-4D23-AE08-A75D3AA3775A}.Release|Any CPU.ActiveCfg = Release|iPhone
		{79526BE9-F66B-4D23-AE08-A75D3AA3775A}.Release|ARM.ActiveCfg = Release|iPhone
		{79526BE9-F66B-4D23-AE08-A75D3AA3775A}.Release|iPhone.ActiveCfg = Release|iPhone
		{79526BE9-F66B-4D23-AE08-A75D3AA3775A}.Release|iPhone.Build.0 = Release|iPhone
		{79526BE9-F66B-4D23-AE08-A75D3AA3775A}.Release|iPhoneSimulator.ActiveCfg = Release|iPhoneSimulator
		{79526BE9-F66B-4D23-AE08-A75D3AA3775A}.Release|iPhoneSimulator.Build.0 = Release|iPhoneSimulator
		{79526BE9-F66B-4D23-AE08-A75D3AA3775A}.Release|x64.ActiveCfg = Release|iPhone
		{79526BE9-F66B-4D23-AE08-A75D3AA3775A}.Release|x86.ActiveCfg = Release|iPhone
		{525AC9D8-1F89-4BDF-9B4D-EA366028A351}.Ad-Hoc|Any CPU.ActiveCfg = Debug|Any CPU
		{525AC9D8-1F89-4BDF-9B4D-EA366028A351}.Ad-Hoc|Any CPU.Build.0 = Debug|Any CPU
		{525AC9D8-1F89-4BDF-9B4D-EA366028A351}.Ad-Hoc|ARM.ActiveCfg = Debug|Any CPU
		{525AC9D8-1F89-4BDF-9B4D-EA366028A351}.Ad-Hoc|ARM.Build.0 = Debug|Any CPU
		{525AC9D8-1F89-4BDF-9B4D-EA366028A351}.Ad-Hoc|iPhone.ActiveCfg = Debug|Any CPU
		{525AC9D8-1F89-4BDF-9B4D-EA366028A351}.Ad-Hoc|iPhone.Build.0 = Debug|Any CPU
		{525AC9D8-1F89-4BDF-9B4D-EA366028A351}.Ad-Hoc|iPhoneSimulator.ActiveCfg = Debug|Any CPU
		{525AC9D8-1F89-4BDF-9B4D-EA366028A351}.Ad-Hoc|iPhoneSimulator.Build.0 = Debug|Any CPU
		{525AC9D8-1F89-4BDF-9B4D-EA366028A351}.Ad-Hoc|x64.ActiveCfg = Debug|Any CPU
		{525AC9D8-1F89-4BDF-9B4D-EA366028A351}.Ad-Hoc|x64.Build.0 = Debug|Any CPU
		{525AC9D8-1F89-4BDF-9B4D-EA366028A351}.Ad-Hoc|x86.ActiveCfg = Debug|Any CPU
		{525AC9D8-1F89-4BDF-9B4D-EA366028A351}.Ad-Hoc|x86.Build.0 = Debug|Any CPU
		{525AC9D8-1F89-4BDF-9B4D-EA366028A351}.AppStore|Any CPU.ActiveCfg = Debug|Any CPU
		{525AC9D8-1F89-4BDF-9B4D-EA366028A351}.AppStore|Any CPU.Build.0 = Debug|Any CPU
		{525AC9D8-1F89-4BDF-9B4D-EA366028A351}.AppStore|ARM.ActiveCfg = Debug|Any CPU
		{525AC9D8-1F89-4BDF-9B4D-EA366028A351}.AppStore|ARM.Build.0 = Debug|Any CPU
		{525AC9D8-1F89-4BDF-9B4D-EA366028A351}.AppStore|iPhone.ActiveCfg = Debug|Any CPU
		{525AC9D8-1F89-4BDF-9B4D-EA366028A351}.AppStore|iPhone.Build.0 = Debug|Any CPU
		{525AC9D8-1F89-4BDF-9B4D-EA366028A351}.AppStore|iPhoneSimulator.ActiveCfg = Debug|Any CPU
		{525AC9D8-1F89-4BDF-9B4D-EA366028A351}.AppStore|iPhoneSimulator.Build.0 = Debug|Any CPU
		{525AC9D8-1F89-4BDF-9B4D-EA366028A351}.AppStore|x64.ActiveCfg = Debug|Any CPU
		{525AC9D8-1F89-4BDF-9B4D-EA366028A351}.AppStore|x64.Build.0 = Debug|Any CPU
		{525AC9D8-1F89-4BDF-9B4D-EA366028A351}.AppStore|x86.ActiveCfg = Debug|Any CPU
		{525AC9D8-1F89-4BDF-9B4D-EA366028A351}.AppStore|x86.Build.0 = Debug|Any CPU
		{525AC9D8-1F89-4BDF-9B4D-EA366028A351}.Debug|Any CPU.ActiveCfg = Debug|Any CPU
		{525AC9D8-1F89-4BDF-9B4D-EA366028A351}.Debug|Any CPU.Build.0 = Debug|Any CPU
		{525AC9D8-1F89-4BDF-9B4D-EA366028A351}.Debug|ARM.ActiveCfg = Debug|Any CPU
		{525AC9D8-1F89-4BDF-9B4D-EA366028A351}.Debug|ARM.Build.0 = Debug|Any CPU
		{525AC9D8-1F89-4BDF-9B4D-EA366028A351}.Debug|iPhone.ActiveCfg = Debug|Any CPU
		{525AC9D8-1F89-4BDF-9B4D-EA366028A351}.Debug|iPhone.Build.0 = Debug|Any CPU
		{525AC9D8-1F89-4BDF-9B4D-EA366028A351}.Debug|iPhoneSimulator.ActiveCfg = Debug|Any CPU
		{525AC9D8-1F89-4BDF-9B4D-EA366028A351}.Debug|iPhoneSimulator.Build.0 = Debug|Any CPU
		{525AC9D8-1F89-4BDF-9B4D-EA366028A351}.Debug|x64.ActiveCfg = Debug|Any CPU
		{525AC9D8-1F89-4BDF-9B4D-EA366028A351}.Debug|x64.Build.0 = Debug|Any CPU
		{525AC9D8-1F89-4BDF-9B4D-EA366028A351}.Debug|x86.ActiveCfg = Debug|Any CPU
		{525AC9D8-1F89-4BDF-9B4D-EA366028A351}.Debug|x86.Build.0 = Debug|Any CPU
		{525AC9D8-1F89-4BDF-9B4D-EA366028A351}.Release|Any CPU.ActiveCfg = Release|Any CPU
		{525AC9D8-1F89-4BDF-9B4D-EA366028A351}.Release|Any CPU.Build.0 = Release|Any CPU
		{525AC9D8-1F89-4BDF-9B4D-EA366028A351}.Release|ARM.ActiveCfg = Release|Any CPU
		{525AC9D8-1F89-4BDF-9B4D-EA366028A351}.Release|ARM.Build.0 = Release|Any CPU
		{525AC9D8-1F89-4BDF-9B4D-EA366028A351}.Release|iPhone.ActiveCfg = Release|Any CPU
		{525AC9D8-1F89-4BDF-9B4D-EA366028A351}.Release|iPhone.Build.0 = Release|Any CPU
		{525AC9D8-1F89-4BDF-9B4D-EA366028A351}.Release|iPhoneSimulator.ActiveCfg = Release|Any CPU
		{525AC9D8-1F89-4BDF-9B4D-EA366028A351}.Release|iPhoneSimulator.Build.0 = Release|Any CPU
		{525AC9D8-1F89-4BDF-9B4D-EA366028A351}.Release|x64.ActiveCfg = Release|Any CPU
		{525AC9D8-1F89-4BDF-9B4D-EA366028A351}.Release|x64.Build.0 = Release|Any CPU
		{525AC9D8-1F89-4BDF-9B4D-EA366028A351}.Release|x86.ActiveCfg = Release|Any CPU
		{525AC9D8-1F89-4BDF-9B4D-EA366028A351}.Release|x86.Build.0 = Release|Any CPU
		{06AFAD35-D793-47BF-BCE9-922B56D6351A}.Ad-Hoc|Any CPU.ActiveCfg = Debug|Any CPU
		{06AFAD35-D793-47BF-BCE9-922B56D6351A}.Ad-Hoc|Any CPU.Build.0 = Debug|Any CPU
		{06AFAD35-D793-47BF-BCE9-922B56D6351A}.Ad-Hoc|ARM.ActiveCfg = Debug|Any CPU
		{06AFAD35-D793-47BF-BCE9-922B56D6351A}.Ad-Hoc|ARM.Build.0 = Debug|Any CPU
		{06AFAD35-D793-47BF-BCE9-922B56D6351A}.Ad-Hoc|iPhone.ActiveCfg = Debug|Any CPU
		{06AFAD35-D793-47BF-BCE9-922B56D6351A}.Ad-Hoc|iPhone.Build.0 = Debug|Any CPU
		{06AFAD35-D793-47BF-BCE9-922B56D6351A}.Ad-Hoc|iPhoneSimulator.ActiveCfg = Debug|Any CPU
		{06AFAD35-D793-47BF-BCE9-922B56D6351A}.Ad-Hoc|iPhoneSimulator.Build.0 = Debug|Any CPU
		{06AFAD35-D793-47BF-BCE9-922B56D6351A}.Ad-Hoc|x64.ActiveCfg = Debug|Any CPU
		{06AFAD35-D793-47BF-BCE9-922B56D6351A}.Ad-Hoc|x64.Build.0 = Debug|Any CPU
		{06AFAD35-D793-47BF-BCE9-922B56D6351A}.Ad-Hoc|x86.ActiveCfg = Debug|Any CPU
		{06AFAD35-D793-47BF-BCE9-922B56D6351A}.Ad-Hoc|x86.Build.0 = Debug|Any CPU
		{06AFAD35-D793-47BF-BCE9-922B56D6351A}.AppStore|Any CPU.ActiveCfg = Debug|Any CPU
		{06AFAD35-D793-47BF-BCE9-922B56D6351A}.AppStore|Any CPU.Build.0 = Debug|Any CPU
		{06AFAD35-D793-47BF-BCE9-922B56D6351A}.AppStore|ARM.ActiveCfg = Debug|Any CPU
		{06AFAD35-D793-47BF-BCE9-922B56D6351A}.AppStore|ARM.Build.0 = Debug|Any CPU
		{06AFAD35-D793-47BF-BCE9-922B56D6351A}.AppStore|iPhone.ActiveCfg = Debug|Any CPU
		{06AFAD35-D793-47BF-BCE9-922B56D6351A}.AppStore|iPhone.Build.0 = Debug|Any CPU
		{06AFAD35-D793-47BF-BCE9-922B56D6351A}.AppStore|iPhoneSimulator.ActiveCfg = Debug|Any CPU
		{06AFAD35-D793-47BF-BCE9-922B56D6351A}.AppStore|iPhoneSimulator.Build.0 = Debug|Any CPU
		{06AFAD35-D793-47BF-BCE9-922B56D6351A}.AppStore|x64.ActiveCfg = Debug|Any CPU
		{06AFAD35-D793-47BF-BCE9-922B56D6351A}.AppStore|x64.Build.0 = Debug|Any CPU
		{06AFAD35-D793-47BF-BCE9-922B56D6351A}.AppStore|x86.ActiveCfg = Debug|Any CPU
		{06AFAD35-D793-47BF-BCE9-922B56D6351A}.AppStore|x86.Build.0 = Debug|Any CPU
		{06AFAD35-D793-47BF-BCE9-922B56D6351A}.Debug|Any CPU.ActiveCfg = Debug|Any CPU
		{06AFAD35-D793-47BF-BCE9-922B56D6351A}.Debug|Any CPU.Build.0 = Debug|Any CPU
		{06AFAD35-D793-47BF-BCE9-922B56D6351A}.Debug|ARM.ActiveCfg = Debug|Any CPU
		{06AFAD35-D793-47BF-BCE9-922B56D6351A}.Debug|ARM.Build.0 = Debug|Any CPU
		{06AFAD35-D793-47BF-BCE9-922B56D6351A}.Debug|iPhone.ActiveCfg = Debug|Any CPU
		{06AFAD35-D793-47BF-BCE9-922B56D6351A}.Debug|iPhone.Build.0 = Debug|Any CPU
		{06AFAD35-D793-47BF-BCE9-922B56D6351A}.Debug|iPhoneSimulator.ActiveCfg = Debug|Any CPU
		{06AFAD35-D793-47BF-BCE9-922B56D6351A}.Debug|iPhoneSimulator.Build.0 = Debug|Any CPU
		{06AFAD35-D793-47BF-BCE9-922B56D6351A}.Debug|x64.ActiveCfg = Debug|Any CPU
		{06AFAD35-D793-47BF-BCE9-922B56D6351A}.Debug|x64.Build.0 = Debug|Any CPU
		{06AFAD35-D793-47BF-BCE9-922B56D6351A}.Debug|x86.ActiveCfg = Debug|Any CPU
		{06AFAD35-D793-47BF-BCE9-922B56D6351A}.Debug|x86.Build.0 = Debug|Any CPU
		{06AFAD35-D793-47BF-BCE9-922B56D6351A}.Release|Any CPU.ActiveCfg = Release|Any CPU
		{06AFAD35-D793-47BF-BCE9-922B56D6351A}.Release|Any CPU.Build.0 = Release|Any CPU
		{06AFAD35-D793-47BF-BCE9-922B56D6351A}.Release|ARM.ActiveCfg = Release|Any CPU
		{06AFAD35-D793-47BF-BCE9-922B56D6351A}.Release|ARM.Build.0 = Release|Any CPU
		{06AFAD35-D793-47BF-BCE9-922B56D6351A}.Release|iPhone.ActiveCfg = Release|Any CPU
		{06AFAD35-D793-47BF-BCE9-922B56D6351A}.Release|iPhone.Build.0 = Release|Any CPU
		{06AFAD35-D793-47BF-BCE9-922B56D6351A}.Release|iPhoneSimulator.ActiveCfg = Release|Any CPU
		{06AFAD35-D793-47BF-BCE9-922B56D6351A}.Release|iPhoneSimulator.Build.0 = Release|Any CPU
		{06AFAD35-D793-47BF-BCE9-922B56D6351A}.Release|x64.ActiveCfg = Release|Any CPU
		{06AFAD35-D793-47BF-BCE9-922B56D6351A}.Release|x64.Build.0 = Release|Any CPU
		{06AFAD35-D793-47BF-BCE9-922B56D6351A}.Release|x86.ActiveCfg = Release|Any CPU
		{06AFAD35-D793-47BF-BCE9-922B56D6351A}.Release|x86.Build.0 = Release|Any CPU
	EndGlobalSection
	GlobalSection(SolutionProperties) = preSolution
		HideSolutionNode = FALSE
	EndGlobalSection
	GlobalSection(NestedProjects) = preSolution
		{13429797-06EA-4809-8162-333A4CAC9528} = {611A2653-6A14-4B22-88B7-BDE676123E4E}
		{044248AF-2075-4C0D-B453-BA444942D4B3} = {611A2653-6A14-4B22-88B7-BDE676123E4E}
		{8C6D0492-DE55-4FD6-9D4B-DE9D34F6FA17} = {611A2653-6A14-4B22-88B7-BDE676123E4E}
		{79526BE9-F66B-4D23-AE08-A75D3AA3775A} = {611A2653-6A14-4B22-88B7-BDE676123E4E}
		{525AC9D8-1F89-4BDF-9B4D-EA366028A351} = {594F1899-2A86-40D4-B712-74CF898FF8EF}
		{06AFAD35-D793-47BF-BCE9-922B56D6351A} = {9582CD15-4B8D-4505-9DD6-52818BFFB857}
	EndGlobalSection
	GlobalSection(ExtensibilityGlobals) = postSolution
		SolutionGuid = {BE7C53FD-4938-481A-A265-6D70228B2D9B}
	EndGlobalSection
EndGlobal
